// !$*UTF8*$!
{
	archiveVersion = 1;
	classes = {
	};
	objectVersion = 46;
	objects = {

/* Begin PBXBuildFile section */
		7737E29819EEF72300B977D7 /* AppDelegate.swift in Sources */ = {isa = PBXBuildFile; fileRef = 7737E29719EEF72300B977D7 /* AppDelegate.swift */; };
		7737E29A19EEF72300B977D7 /* ViewController.swift in Sources */ = {isa = PBXBuildFile; fileRef = 7737E29919EEF72300B977D7 /* ViewController.swift */; };
		7737E29D19EEF72300B977D7 /* Main.storyboard in Resources */ = {isa = PBXBuildFile; fileRef = 7737E29B19EEF72300B977D7 /* Main.storyboard */; };
		7737E29F19EEF72300B977D7 /* Images.xcassets in Resources */ = {isa = PBXBuildFile; fileRef = 7737E29E19EEF72300B977D7 /* Images.xcassets */; };
		7737E2A219EEF72300B977D7 /* LaunchScreen.xib in Resources */ = {isa = PBXBuildFile; fileRef = 7737E2A019EEF72300B977D7 /* LaunchScreen.xib */; };
		7737E2AE19EEF72300B977D7 /* PocketClosetTests.swift in Sources */ = {isa = PBXBuildFile; fileRef = 7737E2AD19EEF72300B977D7 /* PocketClosetTests.swift */; };
		7737E2B819EEFA3700B977D7 /* launch_name.png in Resources */ = {isa = PBXBuildFile; fileRef = 7737E2B719EEFA3700B977D7 /* launch_name.png */; };
		7758AAA91ADD48FF00F1BEAA /* Menu.swift in Sources */ = {isa = PBXBuildFile; fileRef = 7758AAA81ADD48FF00F1BEAA /* Menu.swift */; };
		7758AAAB1ADD4A7400F1BEAA /* MenuClass.swift in Sources */ = {isa = PBXBuildFile; fileRef = 7758AAAA1ADD4A7400F1BEAA /* MenuClass.swift */; };
		77B70C201AEFCE9500E6FB11 /* CoreLocation.framework in Frameworks */ = {isa = PBXBuildFile; fileRef = 77B70C1F1AEFCE9500E6FB11 /* CoreLocation.framework */; };
		77B70C221AF001AF00E6FB11 /* Weather.swift in Sources */ = {isa = PBXBuildFile; fileRef = 77B70C211AF001AF00E6FB11 /* Weather.swift */; };
/* End PBXBuildFile section */

/* Begin PBXContainerItemProxy section */
		7737E2A819EEF72300B977D7 /* PBXContainerItemProxy */ = {
			isa = PBXContainerItemProxy;
			containerPortal = 7737E28A19EEF72300B977D7 /* Project object */;
			proxyType = 1;
			remoteGlobalIDString = 7737E29119EEF72300B977D7;
			remoteInfo = PocketCloset;
		};
/* End PBXContainerItemProxy section */

/* Begin PBXFileReference section */
		7737E29219EEF72300B977D7 /* PocketCloset.app */ = {isa = PBXFileReference; explicitFileType = wrapper.application; includeInIndex = 0; path = PocketCloset.app; sourceTree = BUILT_PRODUCTS_DIR; };
		7737E29619EEF72300B977D7 /* Info.plist */ = {isa = PBXFileReference; lastKnownFileType = text.plist.xml; path = Info.plist; sourceTree = "<group>"; };
		7737E29719EEF72300B977D7 /* AppDelegate.swift */ = {isa = PBXFileReference; lastKnownFileType = sourcecode.swift; path = AppDelegate.swift; sourceTree = "<group>"; };
		7737E29919EEF72300B977D7 /* ViewController.swift */ = {isa = PBXFileReference; lastKnownFileType = sourcecode.swift; path = ViewController.swift; sourceTree = "<group>"; };
		7737E29C19EEF72300B977D7 /* Base */ = {isa = PBXFileReference; lastKnownFileType = file.storyboard; name = Base; path = Base.lproj/Main.storyboard; sourceTree = "<group>"; };
		7737E29E19EEF72300B977D7 /* Images.xcassets */ = {isa = PBXFileReference; lastKnownFileType = folder.assetcatalog; path = Images.xcassets; sourceTree = "<group>"; };
		7737E2A119EEF72300B977D7 /* Base */ = {isa = PBXFileReference; lastKnownFileType = file.xib; name = Base; path = Base.lproj/LaunchScreen.xib; sourceTree = "<group>"; };
		7737E2A719EEF72300B977D7 /* PocketClosetTests.xctest */ = {isa = PBXFileReference; explicitFileType = wrapper.cfbundle; includeInIndex = 0; path = PocketClosetTests.xctest; sourceTree = BUILT_PRODUCTS_DIR; };
		7737E2AC19EEF72300B977D7 /* Info.plist */ = {isa = PBXFileReference; lastKnownFileType = text.plist.xml; path = Info.plist; sourceTree = "<group>"; };
		7737E2AD19EEF72300B977D7 /* PocketClosetTests.swift */ = {isa = PBXFileReference; lastKnownFileType = sourcecode.swift; path = PocketClosetTests.swift; sourceTree = "<group>"; };
		7737E2B719EEFA3700B977D7 /* launch_name.png */ = {isa = PBXFileReference; lastKnownFileType = image.png; path = launch_name.png; sourceTree = "<group>"; };
		7758AAA81ADD48FF00F1BEAA /* Menu.swift */ = {isa = PBXFileReference; fileEncoding = 4; lastKnownFileType = sourcecode.swift; path = Menu.swift; sourceTree = "<group>"; };
		7758AAAA1ADD4A7400F1BEAA /* MenuClass.swift */ = {isa = PBXFileReference; fileEncoding = 4; lastKnownFileType = sourcecode.swift; path = MenuClass.swift; sourceTree = "<group>"; };
		77B70C1F1AEFCE9500E6FB11 /* CoreLocation.framework */ = {isa = PBXFileReference; lastKnownFileType = wrapper.framework; name = CoreLocation.framework; path = System/Library/Frameworks/CoreLocation.framework; sourceTree = SDKROOT; };
		77B70C211AF001AF00E6FB11 /* Weather.swift */ = {isa = PBXFileReference; fileEncoding = 4; lastKnownFileType = sourcecode.swift; path = Weather.swift; sourceTree = "<group>"; };
/* End PBXFileReference section */

/* Begin PBXFrameworksBuildPhase section */
		7737E28F19EEF72300B977D7 /* Frameworks */ = {
			isa = PBXFrameworksBuildPhase;
			buildActionMask = 2147483647;
			files = (
				77B70C201AEFCE9500E6FB11 /* CoreLocation.framework in Frameworks */,
			);
			runOnlyForDeploymentPostprocessing = 0;
		};
		7737E2A419EEF72300B977D7 /* Frameworks */ = {
			isa = PBXFrameworksBuildPhase;
			buildActionMask = 2147483647;
			files = (
			);
			runOnlyForDeploymentPostprocessing = 0;
		};
/* End PBXFrameworksBuildPhase section */

/* Begin PBXGroup section */
		7737E28919EEF72300B977D7 = {
			isa = PBXGroup;
			children = (
				77B70C1F1AEFCE9500E6FB11 /* CoreLocation.framework */,
				7737E29419EEF72300B977D7 /* PocketCloset */,
				7737E2AA19EEF72300B977D7 /* PocketClosetTests */,
				7737E29319EEF72300B977D7 /* Products */,
			);
			sourceTree = "<group>";
		};
		7737E29319EEF72300B977D7 /* Products */ = {
			isa = PBXGroup;
			children = (
				7737E29219EEF72300B977D7 /* PocketCloset.app */,
				7737E2A719EEF72300B977D7 /* PocketClosetTests.xctest */,
			);
			name = Products;
			sourceTree = "<group>";
		};
		7737E29419EEF72300B977D7 /* PocketCloset */ = {
			isa = PBXGroup;
			children = (
				7737E2B719EEFA3700B977D7 /* launch_name.png */,
				7737E29719EEF72300B977D7 /* AppDelegate.swift */,
				7737E29919EEF72300B977D7 /* ViewController.swift */,
				7758AAA81ADD48FF00F1BEAA /* Menu.swift */,
				7758AAAA1ADD4A7400F1BEAA /* MenuClass.swift */,
				7737E29B19EEF72300B977D7 /* Main.storyboard */,
				77B70C211AF001AF00E6FB11 /* Weather.swift */,
				7737E29E19EEF72300B977D7 /* Images.xcassets */,
				7737E2A019EEF72300B977D7 /* LaunchScreen.xib */,
				7737E29519EEF72300B977D7 /* Supporting Files */,
			);
			path = PocketCloset;
			sourceTree = "<group>";
		};
		7737E29519EEF72300B977D7 /* Supporting Files */ = {
			isa = PBXGroup;
			children = (
				7737E29619EEF72300B977D7 /* Info.plist */,
			);
			name = "Supporting Files";
			sourceTree = "<group>";
		};
		7737E2AA19EEF72300B977D7 /* PocketClosetTests */ = {
			isa = PBXGroup;
			children = (
				7737E2AD19EEF72300B977D7 /* PocketClosetTests.swift */,
				7737E2AB19EEF72300B977D7 /* Supporting Files */,
			);
			path = PocketClosetTests;
			sourceTree = "<group>";
		};
		7737E2AB19EEF72300B977D7 /* Supporting Files */ = {
			isa = PBXGroup;
			children = (
				7737E2AC19EEF72300B977D7 /* Info.plist */,
			);
			name = "Supporting Files";
			sourceTree = "<group>";
		};
/* End PBXGroup section */

/* Begin PBXNativeTarget section */
		7737E29119EEF72300B977D7 /* PocketCloset */ = {
			isa = PBXNativeTarget;
			buildConfigurationList = 7737E2B119EEF72300B977D7 /* Build configuration list for PBXNativeTarget "PocketCloset" */;
			buildPhases = (
				7737E28E19EEF72300B977D7 /* Sources */,
				7737E28F19EEF72300B977D7 /* Frameworks */,
				7737E29019EEF72300B977D7 /* Resources */,
			);
			buildRules = (
			);
			dependencies = (
			);
			name = PocketCloset;
			productName = PocketCloset;
			productReference = 7737E29219EEF72300B977D7 /* PocketCloset.app */;
			productType = "com.apple.product-type.application";
		};
		7737E2A619EEF72300B977D7 /* PocketClosetTests */ = {
			isa = PBXNativeTarget;
			buildConfigurationList = 7737E2B419EEF72300B977D7 /* Build configuration list for PBXNativeTarget "PocketClosetTests" */;
			buildPhases = (
				7737E2A319EEF72300B977D7 /* Sources */,
				7737E2A419EEF72300B977D7 /* Frameworks */,
				7737E2A519EEF72300B977D7 /* Resources */,
			);
			buildRules = (
			);
			dependencies = (
				7737E2A919EEF72300B977D7 /* PBXTargetDependency */,
			);
			name = PocketClosetTests;
			productName = PocketClosetTests;
			productReference = 7737E2A719EEF72300B977D7 /* PocketClosetTests.xctest */;
			productType = "com.apple.product-type.bundle.unit-test";
		};
/* End PBXNativeTarget section */

/* Begin PBXProject section */
		7737E28A19EEF72300B977D7 /* Project object */ = {
			isa = PBXProject;
			attributes = {
				LastUpgradeCheck = 0600;
				ORGANIZATIONNAME = "Gate Inc";
				TargetAttributes = {
					7737E29119EEF72300B977D7 = {
						CreatedOnToolsVersion = 6.0.1;
						DevelopmentTeam = 897QSY45XD;
					};
					7737E2A619EEF72300B977D7 = {
						CreatedOnToolsVersion = 6.0.1;
						TestTargetID = 7737E29119EEF72300B977D7;
					};
				};
			};
			buildConfigurationList = 7737E28D19EEF72300B977D7 /* Build configuration list for PBXProject "PocketCloset" */;
			compatibilityVersion = "Xcode 3.2";
			developmentRegion = English;
			hasScannedForEncodings = 0;
			knownRegions = (
				en,
				Base,
			);
			mainGroup = 7737E28919EEF72300B977D7;
			productRefGroup = 7737E29319EEF72300B977D7 /* Products */;
			projectDirPath = "";
			projectRoot = "";
			targets = (
				7737E29119EEF72300B977D7 /* PocketCloset */,
				7737E2A619EEF72300B977D7 /* PocketClosetTests */,
			);
		};
/* End PBXProject section */

/* Begin PBXResourcesBuildPhase section */
		7737E29019EEF72300B977D7 /* Resources */ = {
			isa = PBXResourcesBuildPhase;
			buildActionMask = 2147483647;
			files = (
				7737E29D19EEF72300B977D7 /* Main.storyboard in Resources */,
				7737E2B819EEFA3700B977D7 /* launch_name.png in Resources */,
				7737E2A219EEF72300B977D7 /* LaunchScreen.xib in Resources */,
				7737E29F19EEF72300B977D7 /* Images.xcassets in Resources */,
			);
			runOnlyForDeploymentPostprocessing = 0;
		};
		7737E2A519EEF72300B977D7 /* Resources */ = {
			isa = PBXResourcesBuildPhase;
			buildActionMask = 2147483647;
			files = (
			);
			runOnlyForDeploymentPostprocessing = 0;
		};
/* End PBXResourcesBuildPhase section */

/* Begin PBXSourcesBuildPhase section */
		7737E28E19EEF72300B977D7 /* Sources */ = {
			isa = PBXSourcesBuildPhase;
			buildActionMask = 2147483647;
			files = (
				7758AAA91ADD48FF00F1BEAA /* Menu.swift in Sources */,
				7758AAAB1ADD4A7400F1BEAA /* MenuClass.swift in Sources */,
				7737E29A19EEF72300B977D7 /* ViewController.swift in Sources */,
				7737E29819EEF72300B977D7 /* AppDelegate.swift in Sources */,
				77B70C221AF001AF00E6FB11 /* Weather.swift in Sources */,
			);
			runOnlyForDeploymentPostprocessing = 0;
		};
		7737E2A319EEF72300B977D7 /* Sources */ = {
			isa = PBXSourcesBuildPhase;
			buildActionMask = 2147483647;
			files = (
				7737E2AE19EEF72300B977D7 /* PocketClosetTests.swift in Sources */,
			);
			runOnlyForDeploymentPostprocessing = 0;
		};
/* End PBXSourcesBuildPhase section */

/* Begin PBXTargetDependency section */
		7737E2A919EEF72300B977D7 /* PBXTargetDependency */ = {
			isa = PBXTargetDependency;
			target = 7737E29119EEF72300B977D7 /* PocketCloset */;
			targetProxy = 7737E2A819EEF72300B977D7 /* PBXContainerItemProxy */;
		};
/* End PBXTargetDependency section */

/* Begin PBXVariantGroup section */
		7737E29B19EEF72300B977D7 /* Main.storyboard */ = {
			isa = PBXVariantGroup;
			children = (
				7737E29C19EEF72300B977D7 /* Base */,
			);
			name = Main.storyboard;
			sourceTree = "<group>";
		};
		7737E2A019EEF72300B977D7 /* LaunchScreen.xib */ = {
			isa = PBXVariantGroup;
			children = (
				7737E2A119EEF72300B977D7 /* Base */,
			);
			name = LaunchScreen.xib;
			sourceTree = "<group>";
		};
/* End PBXVariantGroup section */

/* Begin XCBuildConfiguration section */
		7737E2AF19EEF72300B977D7 /* Debug */ = {
			isa = XCBuildConfiguration;
			buildSettings = {
				ALWAYS_SEARCH_USER_PATHS = NO;
				CLANG_CXX_LANGUAGE_STANDARD = "gnu++0x";
				CLANG_CXX_LIBRARY = "libc++";
				CLANG_ENABLE_MODULES = YES;
				CLANG_ENABLE_OBJC_ARC = YES;
				CLANG_WARN_BOOL_CONVERSION = YES;
				CLANG_WARN_CONSTANT_CONVERSION = YES;
				CLANG_WARN_DIRECT_OBJC_ISA_USAGE = YES_ERROR;
				CLANG_WARN_EMPTY_BODY = YES;
				CLANG_WARN_ENUM_CONVERSION = YES;
				CLANG_WARN_INT_CONVERSION = YES;
				CLANG_WARN_OBJC_ROOT_CLASS = YES_ERROR;
				CLANG_WARN_UNREACHABLE_CODE = YES;
				CLANG_WARN__DUPLICATE_METHOD_MATCH = YES;
				"CODE_SIGN_IDENTITY[sdk=iphoneos*]" = "iPhone Developer";
				COPY_PHASE_STRIP = NO;
				ENABLE_STRICT_OBJC_MSGSEND = YES;
				GCC_C_LANGUAGE_STANDARD = gnu99;
				GCC_DYNAMIC_NO_PIC = NO;
				GCC_OPTIMIZATION_LEVEL = 0;
				GCC_PREPROCESSOR_DEFINITIONS = (
					"DEBUG=1",
					"$(inherited)",
				);
				GCC_SYMBOLS_PRIVATE_EXTERN = NO;
				GCC_WARN_64_TO_32_BIT_CONVERSION = YES;
				GCC_WARN_ABOUT_RETURN_TYPE = YES_ERROR;
				GCC_WARN_UNDECLARED_SELECTOR = YES;
				GCC_WARN_UNINITIALIZED_AUTOS = YES_AGGRESSIVE;
				GCC_WARN_UNUSED_FUNCTION = YES;
				GCC_WARN_UNUSED_VARIABLE = YES;
				IPHONEOS_DEPLOYMENT_TARGET = 8.0;
				MTL_ENABLE_DEBUG_INFO = YES;
				ONLY_ACTIVE_ARCH = YES;
				SDKROOT = iphoneos;
				SWIFT_OPTIMIZATION_LEVEL = "-Onone";
			};
			name = Debug;
		};
		7737E2B019EEF72300B977D7 /* Release */ = {
			isa = XCBuildConfiguration;
			buildSettings = {
				ALWAYS_SEARCH_USER_PATHS = NO;
				CLANG_CXX_LANGUAGE_STANDARD = "gnu++0x";
				CLANG_CXX_LIBRARY = "libc++";
				CLANG_ENABLE_MODULES = YES;
				CLANG_ENABLE_OBJC_ARC = YES;
				CLANG_WARN_BOOL_CONVERSION = YES;
				CLANG_WARN_CONSTANT_CONVERSION = YES;
				CLANG_WARN_DIRECT_OBJC_ISA_USAGE = YES_ERROR;
				CLANG_WARN_EMPTY_BODY = YES;
				CLANG_WARN_ENUM_CONVERSION = YES;
				CLANG_WARN_INT_CONVERSION = YES;
				CLANG_WARN_OBJC_ROOT_CLASS = YES_ERROR;
				CLANG_WARN_UNREACHABLE_CODE = YES;
				CLANG_WARN__DUPLICATE_METHOD_MATCH = YES;
				"CODE_SIGN_IDENTITY[sdk=iphoneos*]" = "iPhone Developer";
				COPY_PHASE_STRIP = YES;
				ENABLE_NS_ASSERTIONS = NO;
				ENABLE_STRICT_OBJC_MSGSEND = YES;
				GCC_C_LANGUAGE_STANDARD = gnu99;
				GCC_WARN_64_TO_32_BIT_CONVERSION = YES;
				GCC_WARN_ABOUT_RETURN_TYPE = YES_ERROR;
				GCC_WARN_UNDECLARED_SELECTOR = YES;
				GCC_WARN_UNINITIALIZED_AUTOS = YES_AGGRESSIVE;
				GCC_WARN_UNUSED_FUNCTION = YES;
				GCC_WARN_UNUSED_VARIABLE = YES;
				IPHONEOS_DEPLOYMENT_TARGET = 8.0;
				MTL_ENABLE_DEBUG_INFO = NO;
				SDKROOT = iphoneos;
				VALIDATE_PRODUCT = YES;
			};
			name = Release;
		};
		7737E2B219EEF72300B977D7 /* Debug */ = {
			isa = XCBuildConfiguration;
			buildSettings = {
				ASSETCATALOG_COMPILER_APPICON_NAME = AppIcon;
				ASSETCATALOG_COMPILER_LAUNCHIMAGE_NAME = "LaunchImage-2";
				CODE_SIGN_IDENTITY = "iPhone Developer";
				INFOPLIST_FILE = PocketCloset/Info.plist;
				LD_RUNPATH_SEARCH_PATHS = "$(inherited) @executable_path/Frameworks";
				PRODUCT_NAME = "$(TARGET_NAME)";
			};
			name = Debug;
		};
		7737E2B319EEF72300B977D7 /* Release */ = {
			isa = XCBuildConfiguration;
			buildSettings = {
				ASSETCATALOG_COMPILER_APPICON_NAME = AppIcon;
				ASSETCATALOG_COMPILER_LAUNCHIMAGE_NAME = "LaunchImage-2";
				CODE_SIGN_IDENTITY = "iPhone Developer";
				INFOPLIST_FILE = PocketCloset/Info.plist;
				LD_RUNPATH_SEARCH_PATHS = "$(inherited) @executable_path/Frameworks";
				PRODUCT_NAME = "$(TARGET_NAME)";
			};
			name = Release;
		};
		7737E2B519EEF72300B977D7 /* Debug */ = {
			isa = XCBuildConfiguration;
			buildSettings = {
				BUNDLE_LOADER = "$(TEST_HOST)";
				FRAMEWORK_SEARCH_PATHS = (
					"$(SDKROOT)/Developer/Library/Frameworks",
					"$(inherited)",
				);
				GCC_PREPROCESSOR_DEFINITIONS = (
					"DEBUG=1",
					"$(inherited)",
				);
				INFOPLIST_FILE = PocketClosetTests/Info.plist;
				LD_RUNPATH_SEARCH_PATHS = "$(inherited) @executable_path/Frameworks @loader_path/Frameworks";
				PRODUCT_NAME = "$(TARGET_NAME)";
				TEST_HOST = "$(BUILT_PRODUCTS_DIR)/PocketCloset.app/PocketCloset";
			};
			name = Debug;
		};
		7737E2B619EEF72300B977D7 /* Release */ = {
			isa = XCBuildConfiguration;
			buildSettings = {
				BUNDLE_LOADER = "$(TEST_HOST)";
				FRAMEWORK_SEARCH_PATHS = (
					"$(SDKROOT)/Developer/Library/Frameworks",
					"$(inherited)",
				);
				INFOPLIST_FILE = PocketClosetTests/Info.plist;
				LD_RUNPATH_SEARCH_PATHS = "$(inherited) @executable_path/Frameworks @loader_path/Frameworks";
				PRODUCT_NAME = "$(TARGET_NAME)";
				TEST_HOST = "$(BUILT_PRODUCTS_DIR)/PocketCloset.app/PocketCloset";
			};
			name = Release;
		};
/* End XCBuildConfiguration section */

/* Begin XCConfigurationList section */
		7737E28D19EEF72300B977D7 /* Build configuration list for PBXProject "PocketCloset" */ = {
			isa = XCConfigurationList;
			buildConfigurations = (
				7737E2AF19EEF72300B977D7 /* Debug */,
				7737E2B019EEF72300B977D7 /* Release */,
			);
			defaultConfigurationIsVisible = 0;
			defaultConfigurationName = Release;
		};
		7737E2B119EEF72300B977D7 /* Build configuration list for PBXNativeTarget "PocketCloset" */ = {
			isa = XCConfigurationList;
			buildConfigurations = (
				7737E2B219EEF72300B977D7 /* Debug */,
				7737E2B319EEF72300B977D7 /* Release */,
			);
			defaultConfigurationIsVisible = 0;
			defaultConfigurationName = Release;
		};
		7737E2B419EEF72300B977D7 /* Build configuration list for PBXNativeTarget "PocketClosetTests" */ = {
			isa = XCConfigurationList;
			buildConfigurations = (
				7737E2B519EEF72300B977D7 /* Debug */,
				7737E2B619EEF72300B977D7 /* Release */,
			);
			defaultConfigurationIsVisible = 0;
			defaultConfigurationName = Release;
		};
/* End XCConfigurationList section */
	};
	rootObject = 7737E28A19EEF72300B977D7 /* Project object */;
}
